// !$*UTF8*$!
{
	archiveVersion = 1;
	classes = {
	};
	objectVersion = 48;
	objects = {

/* Begin PBXBuildFile section */
		D21B01C8205C0717002669BF /* ImageProvider.swift in Sources */ = {isa = PBXBuildFile; fileRef = D21B01C7205C0717002669BF /* ImageProvider.swift */; };
		D21B01CA205C07B0002669BF /* ImageMetadata.swift in Sources */ = {isa = PBXBuildFile; fileRef = D21B01C9205C07B0002669BF /* ImageMetadata.swift */; };
		D21B01CE205C09B8002669BF /* MockImageProvider.swift in Sources */ = {isa = PBXBuildFile; fileRef = D21B01CD205C09B8002669BF /* MockImageProvider.swift */; };
		D21B01D1205C0BCF002669BF /* ImageProviderFactory.swift in Sources */ = {isa = PBXBuildFile; fileRef = D21B01D0205C0BCF002669BF /* ImageProviderFactory.swift */; };
		D21B01D3205C0E67002669BF /* ImageView.storyboard in Resources */ = {isa = PBXBuildFile; fileRef = D21B01D2205C0E67002669BF /* ImageView.storyboard */; };
		D21B01D5205C0FA6002669BF /* ImageViewController.swift in Sources */ = {isa = PBXBuildFile; fileRef = D21B01D4205C0FA6002669BF /* ImageViewController.swift */; };
		D21B01D7205C1049002669BF /* ImageTabController.swift in Sources */ = {isa = PBXBuildFile; fileRef = D21B01D6205C1049002669BF /* ImageTabController.swift */; };
		D2A78F8B205B3CFB0052AD28 /* AppDelegate.swift in Sources */ = {isa = PBXBuildFile; fileRef = D2A78F8A205B3CFB0052AD28 /* AppDelegate.swift */; };
		D2A78F90205B3CFB0052AD28 /* Main.storyboard in Resources */ = {isa = PBXBuildFile; fileRef = D2A78F8E205B3CFB0052AD28 /* Main.storyboard */; };
		D2A78F92205B3CFB0052AD28 /* Assets.xcassets in Resources */ = {isa = PBXBuildFile; fileRef = D2A78F91205B3CFB0052AD28 /* Assets.xcassets */; };
		D2A78F95205B3CFB0052AD28 /* LaunchScreen.storyboard in Resources */ = {isa = PBXBuildFile; fileRef = D2A78F93205B3CFB0052AD28 /* LaunchScreen.storyboard */; };
		D2A78FA0205B3CFB0052AD28 /* PhotosTests.swift in Sources */ = {isa = PBXBuildFile; fileRef = D2A78F9F205B3CFB0052AD28 /* PhotosTests.swift */; };
		D2A78FAB205B3CFB0052AD28 /* PhotosUITests.swift in Sources */ = {isa = PBXBuildFile; fileRef = D2A78FAA205B3CFB0052AD28 /* PhotosUITests.swift */; };
		D2AC2910205FE9A3005B2B59 /* URLImageProvider.swift in Sources */ = {isa = PBXBuildFile; fileRef = D2AC290F205FE9A3005B2B59 /* URLImageProvider.swift */; };
		D2AC2912205FE9E7005B2B59 /* URLProvider.swift in Sources */ = {isa = PBXBuildFile; fileRef = D2AC2911205FE9E7005B2B59 /* URLProvider.swift */; };
/* End PBXBuildFile section */

/* Begin PBXContainerItemProxy section */
		D2A78F9C205B3CFB0052AD28 /* PBXContainerItemProxy */ = {
			isa = PBXContainerItemProxy;
			containerPortal = D2A78F7F205B3CFB0052AD28 /* Project object */;
			proxyType = 1;
			remoteGlobalIDString = D2A78F86205B3CFB0052AD28;
			remoteInfo = Photos;
		};
		D2A78FA7205B3CFB0052AD28 /* PBXContainerItemProxy */ = {
			isa = PBXContainerItemProxy;
			containerPortal = D2A78F7F205B3CFB0052AD28 /* Project object */;
			proxyType = 1;
			remoteGlobalIDString = D2A78F86205B3CFB0052AD28;
			remoteInfo = Photos;
		};
/* End PBXContainerItemProxy section */

/* Begin PBXFileReference section */
		D21B01C7205C0717002669BF /* ImageProvider.swift */ = {isa = PBXFileReference; lastKnownFileType = sourcecode.swift; path = ImageProvider.swift; sourceTree = "<group>"; };
		D21B01C9205C07B0002669BF /* ImageMetadata.swift */ = {isa = PBXFileReference; lastKnownFileType = sourcecode.swift; path = ImageMetadata.swift; sourceTree = "<group>"; };
		D21B01CD205C09B8002669BF /* MockImageProvider.swift */ = {isa = PBXFileReference; lastKnownFileType = sourcecode.swift; path = MockImageProvider.swift; sourceTree = "<group>"; };
		D21B01D0205C0BCF002669BF /* ImageProviderFactory.swift */ = {isa = PBXFileReference; lastKnownFileType = sourcecode.swift; path = ImageProviderFactory.swift; sourceTree = "<group>"; };
		D21B01D2205C0E67002669BF /* ImageView.storyboard */ = {isa = PBXFileReference; lastKnownFileType = file.storyboard; path = ImageView.storyboard; sourceTree = "<group>"; };
		D21B01D4205C0FA6002669BF /* ImageViewController.swift */ = {isa = PBXFileReference; lastKnownFileType = sourcecode.swift; path = ImageViewController.swift; sourceTree = "<group>"; };
		D21B01D6205C1049002669BF /* ImageTabController.swift */ = {isa = PBXFileReference; lastKnownFileType = sourcecode.swift; path = ImageTabController.swift; sourceTree = "<group>"; };
		D2A78F87205B3CFB0052AD28 /* Photos.app */ = {isa = PBXFileReference; explicitFileType = wrapper.application; includeInIndex = 0; path = Photos.app; sourceTree = BUILT_PRODUCTS_DIR; };
		D2A78F8A205B3CFB0052AD28 /* AppDelegate.swift */ = {isa = PBXFileReference; lastKnownFileType = sourcecode.swift; path = AppDelegate.swift; sourceTree = "<group>"; };
		D2A78F8F205B3CFB0052AD28 /* Base */ = {isa = PBXFileReference; lastKnownFileType = file.storyboard; name = Base; path = Base.lproj/Main.storyboard; sourceTree = "<group>"; };
		D2A78F91205B3CFB0052AD28 /* Assets.xcassets */ = {isa = PBXFileReference; lastKnownFileType = folder.assetcatalog; path = Assets.xcassets; sourceTree = "<group>"; };
		D2A78F94205B3CFB0052AD28 /* Base */ = {isa = PBXFileReference; lastKnownFileType = file.storyboard; name = Base; path = Base.lproj/LaunchScreen.storyboard; sourceTree = "<group>"; };
		D2A78F96205B3CFB0052AD28 /* Info.plist */ = {isa = PBXFileReference; lastKnownFileType = text.plist.xml; path = Info.plist; sourceTree = "<group>"; };
		D2A78F9B205B3CFB0052AD28 /* PhotosTests.xctest */ = {isa = PBXFileReference; explicitFileType = wrapper.cfbundle; includeInIndex = 0; path = PhotosTests.xctest; sourceTree = BUILT_PRODUCTS_DIR; };
		D2A78F9F205B3CFB0052AD28 /* PhotosTests.swift */ = {isa = PBXFileReference; lastKnownFileType = sourcecode.swift; path = PhotosTests.swift; sourceTree = "<group>"; };
		D2A78FA1205B3CFB0052AD28 /* Info.plist */ = {isa = PBXFileReference; lastKnownFileType = text.plist.xml; path = Info.plist; sourceTree = "<group>"; };
		D2A78FA6205B3CFB0052AD28 /* PhotosUITests.xctest */ = {isa = PBXFileReference; explicitFileType = wrapper.cfbundle; includeInIndex = 0; path = PhotosUITests.xctest; sourceTree = BUILT_PRODUCTS_DIR; };
		D2A78FAA205B3CFB0052AD28 /* PhotosUITests.swift */ = {isa = PBXFileReference; lastKnownFileType = sourcecode.swift; path = PhotosUITests.swift; sourceTree = "<group>"; };
		D2A78FAC205B3CFB0052AD28 /* Info.plist */ = {isa = PBXFileReference; lastKnownFileType = text.plist.xml; path = Info.plist; sourceTree = "<group>"; };
		D2AC290F205FE9A3005B2B59 /* URLImageProvider.swift */ = {isa = PBXFileReference; lastKnownFileType = sourcecode.swift; path = URLImageProvider.swift; sourceTree = "<group>"; };
		D2AC2911205FE9E7005B2B59 /* URLProvider.swift */ = {isa = PBXFileReference; lastKnownFileType = sourcecode.swift; path = URLProvider.swift; sourceTree = "<group>"; };
/* End PBXFileReference section */

/* Begin PBXFrameworksBuildPhase section */
		D2A78F84205B3CFB0052AD28 /* Frameworks */ = {
			isa = PBXFrameworksBuildPhase;
			buildActionMask = 2147483647;
			files = (
			);
			runOnlyForDeploymentPostprocessing = 0;
		};
		D2A78F98205B3CFB0052AD28 /* Frameworks */ = {
			isa = PBXFrameworksBuildPhase;
			buildActionMask = 2147483647;
			files = (
			);
			runOnlyForDeploymentPostprocessing = 0;
		};
		D2A78FA3205B3CFB0052AD28 /* Frameworks */ = {
			isa = PBXFrameworksBuildPhase;
			buildActionMask = 2147483647;
			files = (
			);
			runOnlyForDeploymentPostprocessing = 0;
		};
/* End PBXFrameworksBuildPhase section */

/* Begin PBXGroup section */
		D21B01C2205BFDB4002669BF /* View */ = {
			isa = PBXGroup;
			children = (
				D2A78F8E205B3CFB0052AD28 /* Main.storyboard */,
				D2A78F93205B3CFB0052AD28 /* LaunchScreen.storyboard */,
				D21B01D2205C0E67002669BF /* ImageView.storyboard */,
			);
			path = View;
			sourceTree = "<group>";
		};
		D21B01C3205BFDD8002669BF /* Controller */ = {
			isa = PBXGroup;
			children = (
				D2A78F8A205B3CFB0052AD28 /* AppDelegate.swift */,
				D21B01D4205C0FA6002669BF /* ImageViewController.swift */,
				D21B01D6205C1049002669BF /* ImageTabController.swift */,
			);
			path = Controller;
			sourceTree = "<group>";
		};
		D21B01C4205BFDE7002669BF /* Model */ = {
			isa = PBXGroup;
			children = (
				D21B01CF205C0BBC002669BF /* Factory */,
				D21B01CC205C099D002669BF /* Impl */,
				D21B01CB205C0990002669BF /* Protocol */,
				D21B01C9205C07B0002669BF /* ImageMetadata.swift */,
				D2AC2911205FE9E7005B2B59 /* URLProvider.swift */,
			);
			path = Model;
			sourceTree = "<group>";
		};
		D21B01CB205C0990002669BF /* Protocol */ = {
			isa = PBXGroup;
			children = (
				D21B01C7205C0717002669BF /* ImageProvider.swift */,
			);
			path = Protocol;
			sourceTree = "<group>";
		};
		D21B01CC205C099D002669BF /* Impl */ = {
			isa = PBXGroup;
			children = (
				D21B01CD205C09B8002669BF /* MockImageProvider.swift */,
				D2AC290F205FE9A3005B2B59 /* URLImageProvider.swift */,
			);
			path = Impl;
			sourceTree = "<group>";
		};
		D21B01CF205C0BBC002669BF /* Factory */ = {
			isa = PBXGroup;
			children = (
				D21B01D0205C0BCF002669BF /* ImageProviderFactory.swift */,
			);
			path = Factory;
			sourceTree = "<group>";
		};
		D2A78F7E205B3CFB0052AD28 = {
			isa = PBXGroup;
			children = (
				D2A78F89205B3CFB0052AD28 /* Photos */,
				D2A78F9E205B3CFB0052AD28 /* PhotosTests */,
				D2A78FA9205B3CFB0052AD28 /* PhotosUITests */,
				D2A78F88205B3CFB0052AD28 /* Products */,
			);
			sourceTree = "<group>";
		};
		D2A78F88205B3CFB0052AD28 /* Products */ = {
			isa = PBXGroup;
			children = (
				D2A78F87205B3CFB0052AD28 /* Photos.app */,
				D2A78F9B205B3CFB0052AD28 /* PhotosTests.xctest */,
				D2A78FA6205B3CFB0052AD28 /* PhotosUITests.xctest */,
			);
			name = Products;
			sourceTree = "<group>";
		};
		D2A78F89205B3CFB0052AD28 /* Photos */ = {
			isa = PBXGroup;
			children = (
				D21B01C4205BFDE7002669BF /* Model */,
				D21B01C3205BFDD8002669BF /* Controller */,
				D21B01C2205BFDB4002669BF /* View */,
				D2A78F91205B3CFB0052AD28 /* Assets.xcassets */,
				D2A78F96205B3CFB0052AD28 /* Info.plist */,
			);
			path = Photos;
			sourceTree = "<group>";
		};
		D2A78F9E205B3CFB0052AD28 /* PhotosTests */ = {
			isa = PBXGroup;
			children = (
				D2A78F9F205B3CFB0052AD28 /* PhotosTests.swift */,
				D2A78FA1205B3CFB0052AD28 /* Info.plist */,
			);
			path = PhotosTests;
			sourceTree = "<group>";
		};
		D2A78FA9205B3CFB0052AD28 /* PhotosUITests */ = {
			isa = PBXGroup;
			children = (
				D2A78FAA205B3CFB0052AD28 /* PhotosUITests.swift */,
				D2A78FAC205B3CFB0052AD28 /* Info.plist */,
			);
			path = PhotosUITests;
			sourceTree = "<group>";
		};
/* End PBXGroup section */

/* Begin PBXNativeTarget section */
		D2A78F86205B3CFB0052AD28 /* Photos */ = {
			isa = PBXNativeTarget;
			buildConfigurationList = D2A78FAF205B3CFB0052AD28 /* Build configuration list for PBXNativeTarget "Photos" */;
			buildPhases = (
				D2A78F83205B3CFB0052AD28 /* Sources */,
				D2A78F84205B3CFB0052AD28 /* Frameworks */,
				D2A78F85205B3CFB0052AD28 /* Resources */,
			);
			buildRules = (
			);
			dependencies = (
			);
			name = Photos;
			productName = Photos;
			productReference = D2A78F87205B3CFB0052AD28 /* Photos.app */;
			productType = "com.apple.product-type.application";
		};
		D2A78F9A205B3CFB0052AD28 /* PhotosTests */ = {
			isa = PBXNativeTarget;
			buildConfigurationList = D2A78FB2205B3CFB0052AD28 /* Build configuration list for PBXNativeTarget "PhotosTests" */;
			buildPhases = (
				D2A78F97205B3CFB0052AD28 /* Sources */,
				D2A78F98205B3CFB0052AD28 /* Frameworks */,
				D2A78F99205B3CFB0052AD28 /* Resources */,
			);
			buildRules = (
			);
			dependencies = (
				D2A78F9D205B3CFB0052AD28 /* PBXTargetDependency */,
			);
			name = PhotosTests;
			productName = PhotosTests;
			productReference = D2A78F9B205B3CFB0052AD28 /* PhotosTests.xctest */;
			productType = "com.apple.product-type.bundle.unit-test";
		};
		D2A78FA5205B3CFB0052AD28 /* PhotosUITests */ = {
			isa = PBXNativeTarget;
			buildConfigurationList = D2A78FB5205B3CFB0052AD28 /* Build configuration list for PBXNativeTarget "PhotosUITests" */;
			buildPhases = (
				D2A78FA2205B3CFB0052AD28 /* Sources */,
				D2A78FA3205B3CFB0052AD28 /* Frameworks */,
				D2A78FA4205B3CFB0052AD28 /* Resources */,
			);
			buildRules = (
			);
			dependencies = (
				D2A78FA8205B3CFB0052AD28 /* PBXTargetDependency */,
			);
			name = PhotosUITests;
			productName = PhotosUITests;
			productReference = D2A78FA6205B3CFB0052AD28 /* PhotosUITests.xctest */;
			productType = "com.apple.product-type.bundle.ui-testing";
		};
/* End PBXNativeTarget section */

/* Begin PBXProject section */
		D2A78F7F205B3CFB0052AD28 /* Project object */ = {
			isa = PBXProject;
			attributes = {
				LastSwiftUpdateCheck = 0910;
				LastUpgradeCheck = 0910;
				ORGANIZATIONNAME = "Adam Clark";
				TargetAttributes = {
					D2A78F86205B3CFB0052AD28 = {
						CreatedOnToolsVersion = 9.1;
						ProvisioningStyle = Automatic;
					};
					D2A78F9A205B3CFB0052AD28 = {
						CreatedOnToolsVersion = 9.1;
						ProvisioningStyle = Automatic;
						TestTargetID = D2A78F86205B3CFB0052AD28;
					};
					D2A78FA5205B3CFB0052AD28 = {
						CreatedOnToolsVersion = 9.1;
						ProvisioningStyle = Automatic;
						TestTargetID = D2A78F86205B3CFB0052AD28;
					};
				};
			};
			buildConfigurationList = D2A78F82205B3CFB0052AD28 /* Build configuration list for PBXProject "Photos" */;
			compatibilityVersion = "Xcode 8.0";
			developmentRegion = en;
			hasScannedForEncodings = 0;
			knownRegions = (
				en,
				Base,
			);
			mainGroup = D2A78F7E205B3CFB0052AD28;
			productRefGroup = D2A78F88205B3CFB0052AD28 /* Products */;
			projectDirPath = "";
			projectRoot = "";
			targets = (
				D2A78F86205B3CFB0052AD28 /* Photos */,
				D2A78F9A205B3CFB0052AD28 /* PhotosTests */,
				D2A78FA5205B3CFB0052AD28 /* PhotosUITests */,
			);
		};
/* End PBXProject section */

/* Begin PBXResourcesBuildPhase section */
		D2A78F85205B3CFB0052AD28 /* Resources */ = {
			isa = PBXResourcesBuildPhase;
			buildActionMask = 2147483647;
			files = (
				D2A78F95205B3CFB0052AD28 /* LaunchScreen.storyboard in Resources */,
				D21B01D3205C0E67002669BF /* ImageView.storyboard in Resources */,
				D2A78F92205B3CFB0052AD28 /* Assets.xcassets in Resources */,
				D2A78F90205B3CFB0052AD28 /* Main.storyboard in Resources */,
			);
			runOnlyForDeploymentPostprocessing = 0;
		};
		D2A78F99205B3CFB0052AD28 /* Resources */ = {
			isa = PBXResourcesBuildPhase;
			buildActionMask = 2147483647;
			files = (
			);
			runOnlyForDeploymentPostprocessing = 0;
		};
		D2A78FA4205B3CFB0052AD28 /* Resources */ = {
			isa = PBXResourcesBuildPhase;
			buildActionMask = 2147483647;
			files = (
			);
			runOnlyForDeploymentPostprocessing = 0;
		};
/* End PBXResourcesBuildPhase section */

/* Begin PBXSourcesBuildPhase section */
		D2A78F83205B3CFB0052AD28 /* Sources */ = {
			isa = PBXSourcesBuildPhase;
			buildActionMask = 2147483647;
			files = (
				D21B01CE205C09B8002669BF /* MockImageProvider.swift in Sources */,
				D21B01D7205C1049002669BF /* ImageTabController.swift in Sources */,
				D21B01C8205C0717002669BF /* ImageProvider.swift in Sources */,
				D21B01D5205C0FA6002669BF /* ImageViewController.swift in Sources */,
				D2AC2910205FE9A3005B2B59 /* URLImageProvider.swift in Sources */,
				D2AC2912205FE9E7005B2B59 /* URLProvider.swift in Sources */,
				D21B01D1205C0BCF002669BF /* ImageProviderFactory.swift in Sources */,
				D21B01CA205C07B0002669BF /* ImageMetadata.swift in Sources */,
				D2A78F8B205B3CFB0052AD28 /* AppDelegate.swift in Sources */,
			);
			runOnlyForDeploymentPostprocessing = 0;
		};
		D2A78F97205B3CFB0052AD28 /* Sources */ = {
			isa = PBXSourcesBuildPhase;
			buildActionMask = 2147483647;
			files = (
				D2A78FA0205B3CFB0052AD28 /* PhotosTests.swift in Sources */,
			);
			runOnlyForDeploymentPostprocessing = 0;
		};
		D2A78FA2205B3CFB0052AD28 /* Sources */ = {
			isa = PBXSourcesBuildPhase;
			buildActionMask = 2147483647;
			files = (
				D2A78FAB205B3CFB0052AD28 /* PhotosUITests.swift in Sources */,
			);
			runOnlyForDeploymentPostprocessing = 0;
		};
/* End PBXSourcesBuildPhase section */

/* Begin PBXTargetDependency section */
		D2A78F9D205B3CFB0052AD28 /* PBXTargetDependency */ = {
			isa = PBXTargetDependency;
			target = D2A78F86205B3CFB0052AD28 /* Photos */;
			targetProxy = D2A78F9C205B3CFB0052AD28 /* PBXContainerItemProxy */;
		};
		D2A78FA8205B3CFB0052AD28 /* PBXTargetDependency */ = {
			isa = PBXTargetDependency;
			target = D2A78F86205B3CFB0052AD28 /* Photos */;
			targetProxy = D2A78FA7205B3CFB0052AD28 /* PBXContainerItemProxy */;
		};
/* End PBXTargetDependency section */

/* Begin PBXVariantGroup section */
		D2A78F8E205B3CFB0052AD28 /* Main.storyboard */ = {
			isa = PBXVariantGroup;
			children = (
				D2A78F8F205B3CFB0052AD28 /* Base */,
			);
			name = Main.storyboard;
			sourceTree = "<group>";
		};
		D2A78F93205B3CFB0052AD28 /* LaunchScreen.storyboard */ = {
			isa = PBXVariantGroup;
			children = (
				D2A78F94205B3CFB0052AD28 /* Base */,
			);
			name = LaunchScreen.storyboard;
			sourceTree = "<group>";
		};
/* End PBXVariantGroup section */

/* Begin XCBuildConfiguration section */
		D2A78FAD205B3CFB0052AD28 /* Debug */ = {
			isa = XCBuildConfiguration;
			buildSettings = {
				ALWAYS_SEARCH_USER_PATHS = NO;
				CLANG_ANALYZER_NONNULL = YES;
				CLANG_ANALYZER_NUMBER_OBJECT_CONVERSION = YES_AGGRESSIVE;
				CLANG_CXX_LANGUAGE_STANDARD = "gnu++14";
				CLANG_CXX_LIBRARY = "libc++";
				CLANG_ENABLE_MODULES = YES;
				CLANG_ENABLE_OBJC_ARC = YES;
				CLANG_WARN_BLOCK_CAPTURE_AUTORELEASING = YES;
				CLANG_WARN_BOOL_CONVERSION = YES;
				CLANG_WARN_COMMA = YES;
				CLANG_WARN_CONSTANT_CONVERSION = YES;
				CLANG_WARN_DIRECT_OBJC_ISA_USAGE = YES_ERROR;
				CLANG_WARN_DOCUMENTATION_COMMENTS = YES;
				CLANG_WARN_EMPTY_BODY = YES;
				CLANG_WARN_ENUM_CONVERSION = YES;
				CLANG_WARN_INFINITE_RECURSION = YES;
				CLANG_WARN_INT_CONVERSION = YES;
				CLANG_WARN_NON_LITERAL_NULL_CONVERSION = YES;
				CLANG_WARN_OBJC_LITERAL_CONVERSION = YES;
				CLANG_WARN_OBJC_ROOT_CLASS = YES_ERROR;
				CLANG_WARN_RANGE_LOOP_ANALYSIS = YES;
				CLANG_WARN_STRICT_PROTOTYPES = YES;
				CLANG_WARN_SUSPICIOUS_MOVE = YES;
				CLANG_WARN_UNGUARDED_AVAILABILITY = YES_AGGRESSIVE;
				CLANG_WARN_UNREACHABLE_CODE = YES;
				CLANG_WARN__DUPLICATE_METHOD_MATCH = YES;
				CODE_SIGN_IDENTITY = "iPhone Developer";
				COPY_PHASE_STRIP = NO;
				DEBUG_INFORMATION_FORMAT = dwarf;
				ENABLE_STRICT_OBJC_MSGSEND = YES;
				ENABLE_TESTABILITY = YES;
				GCC_C_LANGUAGE_STANDARD = gnu11;
				GCC_DYNAMIC_NO_PIC = NO;
				GCC_NO_COMMON_BLOCKS = YES;
				GCC_OPTIMIZATION_LEVEL = 0;
				GCC_PREPROCESSOR_DEFINITIONS = (
					"DEBUG=1",
					"$(inherited)",
				);
				GCC_WARN_64_TO_32_BIT_CONVERSION = YES;
				GCC_WARN_ABOUT_RETURN_TYPE = YES_ERROR;
				GCC_WARN_UNDECLARED_SELECTOR = YES;
				GCC_WARN_UNINITIALIZED_AUTOS = YES_AGGRESSIVE;
				GCC_WARN_UNUSED_FUNCTION = YES;
				GCC_WARN_UNUSED_VARIABLE = YES;
				IPHONEOS_DEPLOYMENT_TARGET = 11.1;
				MTL_ENABLE_DEBUG_INFO = YES;
				ONLY_ACTIVE_ARCH = YES;
				SDKROOT = iphoneos;
				SWIFT_ACTIVE_COMPILATION_CONDITIONS = DEBUG;
				SWIFT_OPTIMIZATION_LEVEL = "-Onone";
			};
			name = Debug;
		};
		D2A78FAE205B3CFB0052AD28 /* Release */ = {
			isa = XCBuildConfiguration;
			buildSettings = {
				ALWAYS_SEARCH_USER_PATHS = NO;
				CLANG_ANALYZER_NONNULL = YES;
				CLANG_ANALYZER_NUMBER_OBJECT_CONVERSION = YES_AGGRESSIVE;
				CLANG_CXX_LANGUAGE_STANDARD = "gnu++14";
				CLANG_CXX_LIBRARY = "libc++";
				CLANG_ENABLE_MODULES = YES;
				CLANG_ENABLE_OBJC_ARC = YES;
				CLANG_WARN_BLOCK_CAPTURE_AUTORELEASING = YES;
				CLANG_WARN_BOOL_CONVERSION = YES;
				CLANG_WARN_COMMA = YES;
				CLANG_WARN_CONSTANT_CONVERSION = YES;
				CLANG_WARN_DIRECT_OBJC_ISA_USAGE = YES_ERROR;
				CLANG_WARN_DOCUMENTATION_COMMENTS = YES;
				CLANG_WARN_EMPTY_BODY = YES;
				CLANG_WARN_ENUM_CONVERSION = YES;
				CLANG_WARN_INFINITE_RECURSION = YES;
				CLANG_WARN_INT_CONVERSION = YES;
				CLANG_WARN_NON_LITERAL_NULL_CONVERSION = YES;
				CLANG_WARN_OBJC_LITERAL_CONVERSION = YES;
				CLANG_WARN_OBJC_ROOT_CLASS = YES_ERROR;
				CLANG_WARN_RANGE_LOOP_ANALYSIS = YES;
				CLANG_WARN_STRICT_PROTOTYPES = YES;
				CLANG_WARN_SUSPICIOUS_MOVE = YES;
				CLANG_WARN_UNGUARDED_AVAILABILITY = YES_AGGRESSIVE;
				CLANG_WARN_UNREACHABLE_CODE = YES;
				CLANG_WARN__DUPLICATE_METHOD_MATCH = YES;
				CODE_SIGN_IDENTITY = "iPhone Developer";
				COPY_PHASE_STRIP = NO;
				DEBUG_INFORMATION_FORMAT = "dwarf-with-dsym";
				ENABLE_NS_ASSERTIONS = NO;
				ENABLE_STRICT_OBJC_MSGSEND = YES;
				GCC_C_LANGUAGE_STANDARD = gnu11;
				GCC_NO_COMMON_BLOCKS = YES;
				GCC_WARN_64_TO_32_BIT_CONVERSION = YES;
				GCC_WARN_ABOUT_RETURN_TYPE = YES_ERROR;
				GCC_WARN_UNDECLARED_SELECTOR = YES;
				GCC_WARN_UNINITIALIZED_AUTOS = YES_AGGRESSIVE;
				GCC_WARN_UNUSED_FUNCTION = YES;
				GCC_WARN_UNUSED_VARIABLE = YES;
				IPHONEOS_DEPLOYMENT_TARGET = 11.1;
				MTL_ENABLE_DEBUG_INFO = NO;
				SDKROOT = iphoneos;
				SWIFT_OPTIMIZATION_LEVEL = "-Owholemodule";
				VALIDATE_PRODUCT = YES;
			};
			name = Release;
		};
		D2A78FB0205B3CFB0052AD28 /* Debug */ = {
			isa = XCBuildConfiguration;
			buildSettings = {
				ASSETCATALOG_COMPILER_APPICON_NAME = AppIcon;
				CODE_SIGN_STYLE = Automatic;
				INFOPLIST_FILE = Photos/Info.plist;
				LD_RUNPATH_SEARCH_PATHS = "$(inherited) @executable_path/Frameworks";
				PRODUCT_BUNDLE_IDENTIFIER = durp.Photos;
				PRODUCT_NAME = "$(TARGET_NAME)";
				SWIFT_VERSION = 4.0;
				TARGETED_DEVICE_FAMILY = "1,2";
			};
			name = Debug;
		};
		D2A78FB1205B3CFB0052AD28 /* Release */ = {
			isa = XCBuildConfiguration;
			buildSettings = {
				ASSETCATALOG_COMPILER_APPICON_NAME = AppIcon;
				CODE_SIGN_STYLE = Automatic;
				INFOPLIST_FILE = Photos/Info.plist;
				LD_RUNPATH_SEARCH_PATHS = "$(inherited) @executable_path/Frameworks";
				PRODUCT_BUNDLE_IDENTIFIER = durp.Photos;
				PRODUCT_NAME = "$(TARGET_NAME)";
				SWIFT_VERSION = 4.0;
				TARGETED_DEVICE_FAMILY = "1,2";
			};
			name = Release;
		};
		D2A78FB3205B3CFB0052AD28 /* Debug */ = {
			isa = XCBuildConfiguration;
			buildSettings = {
				ALWAYS_EMBED_SWIFT_STANDARD_LIBRARIES = YES;
				BUNDLE_LOADER = "$(TEST_HOST)";
				CODE_SIGN_STYLE = Automatic;
				INFOPLIST_FILE = PhotosTests/Info.plist;
				LD_RUNPATH_SEARCH_PATHS = "$(inherited) @executable_path/Frameworks @loader_path/Frameworks";
				PRODUCT_BUNDLE_IDENTIFIER = durp.PhotosTests;
				PRODUCT_NAME = "$(TARGET_NAME)";
				SWIFT_VERSION = 4.0;
				TARGETED_DEVICE_FAMILY = "1,2";
				TEST_HOST = "$(BUILT_PRODUCTS_DIR)/Photos.app/Photos";
			};
			name = Debug;
		};
		D2A78FB4205B3CFB0052AD28 /* Release */ = {
			isa = XCBuildConfiguration;
			buildSettings = {
				ALWAYS_EMBED_SWIFT_STANDARD_LIBRARIES = YES;
				BUNDLE_LOADER = "$(TEST_HOST)";
				CODE_SIGN_STYLE = Automatic;
				INFOPLIST_FILE = PhotosTests/Info.plist;
				LD_RUNPATH_SEARCH_PATHS = "$(inherited) @executable_path/Frameworks @loader_path/Frameworks";
				PRODUCT_BUNDLE_IDENTIFIER = durp.PhotosTests;
				PRODUCT_NAME = "$(TARGET_NAME)";
				SWIFT_VERSION = 4.0;
				TARGETED_DEVICE_FAMILY = "1,2";
				TEST_HOST = "$(BUILT_PRODUCTS_DIR)/Photos.app/Photos";
			};
			name = Release;
		};
		D2A78FB6205B3CFB0052AD28 /* Debug */ = {
			isa = XCBuildConfiguration;
			buildSettings = {
				ALWAYS_EMBED_SWIFT_STANDARD_LIBRARIES = YES;
				CODE_SIGN_STYLE = Automatic;
				INFOPLIST_FILE = PhotosUITests/Info.plist;
				LD_RUNPATH_SEARCH_PATHS = "$(inherited) @executable_path/Frameworks @loader_path/Frameworks";
				PRODUCT_BUNDLE_IDENTIFIER = durp.PhotosUITests;
				PRODUCT_NAME = "$(TARGET_NAME)";
				SWIFT_VERSION = 4.0;
				TARGETED_DEVICE_FAMILY = "1,2";
				TEST_TARGET_NAME = Photos;
			};
			name = Debug;
		};
		D2A78FB7205B3CFB0052AD28 /* Release */ = {
			isa = XCBuildConfiguration;
			buildSettings = {
				ALWAYS_EMBED_SWIFT_STANDARD_LIBRARIES = YES;
				CODE_SIGN_STYLE = Automatic;
				INFOPLIST_FILE = PhotosUITests/Info.plist;
				LD_RUNPATH_SEARCH_PATHS = "$(inherited) @executable_path/Frameworks @loader_path/Frameworks";
				PRODUCT_BUNDLE_IDENTIFIER = durp.PhotosUITests;
				PRODUCT_NAME = "$(TARGET_NAME)";
				SWIFT_VERSION = 4.0;
				TARGETED_DEVICE_FAMILY = "1,2";
				TEST_TARGET_NAME = Photos;
			};
			name = Release;
		};
/* End XCBuildConfiguration section */

/* Begin XCConfigurationList section */
		D2A78F82205B3CFB0052AD28 /* Build configuration list for PBXProject "Photos" */ = {
			isa = XCConfigurationList;
			buildConfigurations = (
				D2A78FAD205B3CFB0052AD28 /* Debug */,
				D2A78FAE205B3CFB0052AD28 /* Release */,
			);
			defaultConfigurationIsVisible = 0;
			defaultConfigurationName = Release;
		};
		D2A78FAF205B3CFB0052AD28 /* Build configuration list for PBXNativeTarget "Photos" */ = {
			isa = XCConfigurationList;
			buildConfigurations = (
				D2A78FB0205B3CFB0052AD28 /* Debug */,
				D2A78FB1205B3CFB0052AD28 /* Release */,
			);
			defaultConfigurationIsVisible = 0;
			defaultConfigurationName = Release;
		};
		D2A78FB2205B3CFB0052AD28 /* Build configuration list for PBXNativeTarget "PhotosTests" */ = {
			isa = XCConfigurationList;
			buildConfigurations = (
				D2A78FB3205B3CFB0052AD28 /* Debug */,
				D2A78FB4205B3CFB0052AD28 /* Release */,
			);
			defaultConfigurationIsVisible = 0;
			defaultConfigurationName = Release;
		};
		D2A78FB5205B3CFB0052AD28 /* Build configuration list for PBXNativeTarget "PhotosUITests" */ = {
			isa = XCConfigurationList;
			buildConfigurations = (
				D2A78FB6205B3CFB0052AD28 /* Debug */,
				D2A78FB7205B3CFB0052AD28 /* Release */,
			);
			defaultConfigurationIsVisible = 0;
			defaultConfigurationName = Release;
		};
/* End XCConfigurationList section */
	};
	rootObject = D2A78F7F205B3CFB0052AD28 /* Project object */;
}
